// !$*UTF8*$!
{
	archiveVersion = 1;
	classes = {
	};
	objectVersion = 56;
	objects = {

/* Begin PBXBuildFile section */
		115CD8982A2984F500362081 /* Flashcard_PlaceApp.swift in Sources */ = {isa = PBXBuildFile; fileRef = 115CD8972A2984F500362081 /* Flashcard_PlaceApp.swift */; };
		115CD89A2A2984F500362081 /* ContentView.swift in Sources */ = {isa = PBXBuildFile; fileRef = 115CD8992A2984F500362081 /* ContentView.swift */; };
		115CD89C2A2984F700362081 /* Assets.xcassets in Resources */ = {isa = PBXBuildFile; fileRef = 115CD89B2A2984F700362081 /* Assets.xcassets */; };
		115CD89F2A2984F700362081 /* Preview Assets.xcassets in Resources */ = {isa = PBXBuildFile; fileRef = 115CD89E2A2984F700362081 /* Preview Assets.xcassets */; };
		115CD8A92A2984F700362081 /* Flashcard_PlaceTests.swift in Sources */ = {isa = PBXBuildFile; fileRef = 115CD8A82A2984F700362081 /* Flashcard_PlaceTests.swift */; };
		115CD8B32A2984F700362081 /* Flashcard_PlaceUITests.swift in Sources */ = {isa = PBXBuildFile; fileRef = 115CD8B22A2984F700362081 /* Flashcard_PlaceUITests.swift */; };
		115CD8B52A2984F700362081 /* Flashcard_PlaceUITestsLaunchTests.swift in Sources */ = {isa = PBXBuildFile; fileRef = 115CD8B42A2984F700362081 /* Flashcard_PlaceUITestsLaunchTests.swift */; };
		115CD8C52A29875200362081 /* README.md in Resources */ = {isa = PBXBuildFile; fileRef = 115CD8C42A29875200362081 /* README.md */; };
		115CD8C72A29886A00362081 /* ViewModel.swift in Sources */ = {isa = PBXBuildFile; fileRef = 115CD8C62A29886A00362081 /* ViewModel.swift */; };
		115CD8C92A29888F00362081 /* BottomAppBar.swift in Sources */ = {isa = PBXBuildFile; fileRef = 115CD8C82A29888F00362081 /* BottomAppBar.swift */; };
		115CD8CB2A2989A000362081 /* Flashcard.swift in Sources */ = {isa = PBXBuildFile; fileRef = 115CD8CA2A2989A000362081 /* Flashcard.swift */; };
		115CD8CD2A2989DD00362081 /* FlashcardManager.swift in Sources */ = {isa = PBXBuildFile; fileRef = 115CD8CC2A2989DD00362081 /* FlashcardManager.swift */; };
		115CD8CF2A298A4D00362081 /* FlashcardCreation.swift in Sources */ = {isa = PBXBuildFile; fileRef = 115CD8CE2A298A4D00362081 /* FlashcardCreation.swift */; };
		115CD8D12A298A9300362081 /* FlashCardListView.swift in Sources */ = {isa = PBXBuildFile; fileRef = 115CD8D02A298A9300362081 /* FlashCardListView.swift */; };
/* End PBXBuildFile section */

/* Begin PBXContainerItemProxy section */
		115CD8A52A2984F700362081 /* PBXContainerItemProxy */ = {
			isa = PBXContainerItemProxy;
			containerPortal = 115CD88C2A2984F500362081 /* Project object */;
			proxyType = 1;
			remoteGlobalIDString = 115CD8932A2984F500362081;
			remoteInfo = "Flashcard Place";
		};
		115CD8AF2A2984F700362081 /* PBXContainerItemProxy */ = {
			isa = PBXContainerItemProxy;
			containerPortal = 115CD88C2A2984F500362081 /* Project object */;
			proxyType = 1;
			remoteGlobalIDString = 115CD8932A2984F500362081;
			remoteInfo = "Flashcard Place";
		};
/* End PBXContainerItemProxy section */

/* Begin PBXFileReference section */
		115CD8942A2984F500362081 /* Flashcard Place.app */ = {isa = PBXFileReference; explicitFileType = wrapper.application; includeInIndex = 0; path = "Flashcard Place.app"; sourceTree = BUILT_PRODUCTS_DIR; };
		115CD8972A2984F500362081 /* Flashcard_PlaceApp.swift */ = {isa = PBXFileReference; lastKnownFileType = sourcecode.swift; path = Flashcard_PlaceApp.swift; sourceTree = "<group>"; };
		115CD8992A2984F500362081 /* ContentView.swift */ = {isa = PBXFileReference; lastKnownFileType = sourcecode.swift; path = ContentView.swift; sourceTree = "<group>"; };
		115CD89B2A2984F700362081 /* Assets.xcassets */ = {isa = PBXFileReference; lastKnownFileType = folder.assetcatalog; path = Assets.xcassets; sourceTree = "<group>"; };
		115CD89E2A2984F700362081 /* Preview Assets.xcassets */ = {isa = PBXFileReference; lastKnownFileType = folder.assetcatalog; path = "Preview Assets.xcassets"; sourceTree = "<group>"; };
		115CD8A42A2984F700362081 /* Flashcard PlaceTests.xctest */ = {isa = PBXFileReference; explicitFileType = wrapper.cfbundle; includeInIndex = 0; path = "Flashcard PlaceTests.xctest"; sourceTree = BUILT_PRODUCTS_DIR; };
		115CD8A82A2984F700362081 /* Flashcard_PlaceTests.swift */ = {isa = PBXFileReference; lastKnownFileType = sourcecode.swift; path = Flashcard_PlaceTests.swift; sourceTree = "<group>"; };
		115CD8AE2A2984F700362081 /* Flashcard PlaceUITests.xctest */ = {isa = PBXFileReference; explicitFileType = wrapper.cfbundle; includeInIndex = 0; path = "Flashcard PlaceUITests.xctest"; sourceTree = BUILT_PRODUCTS_DIR; };
		115CD8B22A2984F700362081 /* Flashcard_PlaceUITests.swift */ = {isa = PBXFileReference; lastKnownFileType = sourcecode.swift; path = Flashcard_PlaceUITests.swift; sourceTree = "<group>"; };
		115CD8B42A2984F700362081 /* Flashcard_PlaceUITestsLaunchTests.swift */ = {isa = PBXFileReference; lastKnownFileType = sourcecode.swift; path = Flashcard_PlaceUITestsLaunchTests.swift; sourceTree = "<group>"; };
		115CD8C42A29875200362081 /* README.md */ = {isa = PBXFileReference; lastKnownFileType = net.daringfireball.markdown; path = README.md; sourceTree = "<group>"; };
		115CD8C62A29886A00362081 /* ViewModel.swift */ = {isa = PBXFileReference; lastKnownFileType = sourcecode.swift; path = ViewModel.swift; sourceTree = "<group>"; };
		115CD8C82A29888F00362081 /* BottomAppBar.swift */ = {isa = PBXFileReference; lastKnownFileType = sourcecode.swift; path = BottomAppBar.swift; sourceTree = "<group>"; };
		115CD8CA2A2989A000362081 /* Flashcard.swift */ = {isa = PBXFileReference; lastKnownFileType = sourcecode.swift; path = Flashcard.swift; sourceTree = "<group>"; };
		115CD8CC2A2989DD00362081 /* FlashcardManager.swift */ = {isa = PBXFileReference; lastKnownFileType = sourcecode.swift; path = FlashcardManager.swift; sourceTree = "<group>"; };
		115CD8CE2A298A4D00362081 /* FlashcardCreation.swift */ = {isa = PBXFileReference; lastKnownFileType = sourcecode.swift; path = FlashcardCreation.swift; sourceTree = "<group>"; };
		115CD8D02A298A9300362081 /* FlashCardListView.swift */ = {isa = PBXFileReference; lastKnownFileType = sourcecode.swift; path = FlashCardListView.swift; sourceTree = "<group>"; };
/* End PBXFileReference section */

/* Begin PBXFrameworksBuildPhase section */
		115CD8912A2984F500362081 /* Frameworks */ = {
			isa = PBXFrameworksBuildPhase;
			buildActionMask = 2147483647;
			files = (
			);
			runOnlyForDeploymentPostprocessing = 0;
		};
		115CD8A12A2984F700362081 /* Frameworks */ = {
			isa = PBXFrameworksBuildPhase;
			buildActionMask = 2147483647;
			files = (
			);
			runOnlyForDeploymentPostprocessing = 0;
		};
		115CD8AB2A2984F700362081 /* Frameworks */ = {
			isa = PBXFrameworksBuildPhase;
			buildActionMask = 2147483647;
			files = (
			);
			runOnlyForDeploymentPostprocessing = 0;
		};
/* End PBXFrameworksBuildPhase section */

/* Begin PBXGroup section */
		115CD88B2A2984F500362081 = {
			isa = PBXGroup;
			children = (
				115CD8C42A29875200362081 /* README.md */,
				115CD8962A2984F500362081 /* Flashcard Place */,
				115CD8A72A2984F700362081 /* Flashcard PlaceTests */,
				115CD8B12A2984F700362081 /* Flashcard PlaceUITests */,
				115CD8952A2984F500362081 /* Products */,
			);
			sourceTree = "<group>";
		};
		115CD8952A2984F500362081 /* Products */ = {
			isa = PBXGroup;
			children = (
				115CD8942A2984F500362081 /* Flashcard Place.app */,
				115CD8A42A2984F700362081 /* Flashcard PlaceTests.xctest */,
				115CD8AE2A2984F700362081 /* Flashcard PlaceUITests.xctest */,
			);
			name = Products;
			sourceTree = "<group>";
		};
		115CD8962A2984F500362081 /* Flashcard Place */ = {
			isa = PBXGroup;
			children = (
				115CD8972A2984F500362081 /* Flashcard_PlaceApp.swift */,
				115CD8C32A29853C00362081 /* View */,
				115CD8C22A29851100362081 /* Model */,
				115CD8C12A29850A00362081 /* ViewModel */,
				115CD89B2A2984F700362081 /* Assets.xcassets */,
				115CD89D2A2984F700362081 /* Preview Content */,
			);
			path = "Flashcard Place";
			sourceTree = "<group>";
		};
		115CD89D2A2984F700362081 /* Preview Content */ = {
			isa = PBXGroup;
			children = (
				115CD89E2A2984F700362081 /* Preview Assets.xcassets */,
			);
			path = "Preview Content";
			sourceTree = "<group>";
		};
		115CD8A72A2984F700362081 /* Flashcard PlaceTests */ = {
			isa = PBXGroup;
			children = (
				115CD8A82A2984F700362081 /* Flashcard_PlaceTests.swift */,
			);
			path = "Flashcard PlaceTests";
			sourceTree = "<group>";
		};
		115CD8B12A2984F700362081 /* Flashcard PlaceUITests */ = {
			isa = PBXGroup;
			children = (
				115CD8B22A2984F700362081 /* Flashcard_PlaceUITests.swift */,
				115CD8B42A2984F700362081 /* Flashcard_PlaceUITestsLaunchTests.swift */,
			);
			path = "Flashcard PlaceUITests";
			sourceTree = "<group>";
		};
		115CD8C12A29850A00362081 /* ViewModel */ = {
			isa = PBXGroup;
			children = (
				115CD8C62A29886A00362081 /* ViewModel.swift */,
			);
			path = ViewModel;
			sourceTree = "<group>";
		};
		115CD8C22A29851100362081 /* Model */ = {
			isa = PBXGroup;
			children = (
				115CD8CA2A2989A000362081 /* Flashcard.swift */,
				115CD8CC2A2989DD00362081 /* FlashcardManager.swift */,
			);
			path = Model;
			sourceTree = "<group>";
		};
		115CD8C32A29853C00362081 /* View */ = {
			isa = PBXGroup;
			children = (
				115CD8992A2984F500362081 /* ContentView.swift */,
				115CD8C82A29888F00362081 /* BottomAppBar.swift */,
				115CD8CE2A298A4D00362081 /* FlashcardCreation.swift */,
				115CD8D02A298A9300362081 /* FlashCardListView.swift */,
			);
			path = View;
			sourceTree = "<group>";
		};
/* End PBXGroup section */

/* Begin PBXNativeTarget section */
		115CD8932A2984F500362081 /* Flashcard Place */ = {
			isa = PBXNativeTarget;
			buildConfigurationList = 115CD8B82A2984F700362081 /* Build configuration list for PBXNativeTarget "Flashcard Place" */;
			buildPhases = (
				115CD8902A2984F500362081 /* Sources */,
				115CD8912A2984F500362081 /* Frameworks */,
				115CD8922A2984F500362081 /* Resources */,
			);
			buildRules = (
			);
			dependencies = (
			);
			name = "Flashcard Place";
			productName = "Flashcard Place";
			productReference = 115CD8942A2984F500362081 /* Flashcard Place.app */;
			productType = "com.apple.product-type.application";
		};
		115CD8A32A2984F700362081 /* Flashcard PlaceTests */ = {
			isa = PBXNativeTarget;
			buildConfigurationList = 115CD8BB2A2984F700362081 /* Build configuration list for PBXNativeTarget "Flashcard PlaceTests" */;
			buildPhases = (
				115CD8A02A2984F700362081 /* Sources */,
				115CD8A12A2984F700362081 /* Frameworks */,
				115CD8A22A2984F700362081 /* Resources */,
			);
			buildRules = (
			);
			dependencies = (
				115CD8A62A2984F700362081 /* PBXTargetDependency */,
			);
			name = "Flashcard PlaceTests";
			productName = "Flashcard PlaceTests";
			productReference = 115CD8A42A2984F700362081 /* Flashcard PlaceTests.xctest */;
			productType = "com.apple.product-type.bundle.unit-test";
		};
		115CD8AD2A2984F700362081 /* Flashcard PlaceUITests */ = {
			isa = PBXNativeTarget;
			buildConfigurationList = 115CD8BE2A2984F700362081 /* Build configuration list for PBXNativeTarget "Flashcard PlaceUITests" */;
			buildPhases = (
				115CD8AA2A2984F700362081 /* Sources */,
				115CD8AB2A2984F700362081 /* Frameworks */,
				115CD8AC2A2984F700362081 /* Resources */,
			);
			buildRules = (
			);
			dependencies = (
				115CD8B02A2984F700362081 /* PBXTargetDependency */,
			);
			name = "Flashcard PlaceUITests";
			productName = "Flashcard PlaceUITests";
			productReference = 115CD8AE2A2984F700362081 /* Flashcard PlaceUITests.xctest */;
			productType = "com.apple.product-type.bundle.ui-testing";
		};
/* End PBXNativeTarget section */

/* Begin PBXProject section */
		115CD88C2A2984F500362081 /* Project object */ = {
			isa = PBXProject;
			attributes = {
				BuildIndependentTargetsInParallel = 1;
				LastSwiftUpdateCheck = 1430;
				LastUpgradeCheck = 1430;
				TargetAttributes = {
					115CD8932A2984F500362081 = {
						CreatedOnToolsVersion = 14.3;
					};
					115CD8A32A2984F700362081 = {
						CreatedOnToolsVersion = 14.3;
						TestTargetID = 115CD8932A2984F500362081;
					};
					115CD8AD2A2984F700362081 = {
						CreatedOnToolsVersion = 14.3;
						TestTargetID = 115CD8932A2984F500362081;
					};
				};
			};
			buildConfigurationList = 115CD88F2A2984F500362081 /* Build configuration list for PBXProject "Flashcard Place" */;
			compatibilityVersion = "Xcode 14.0";
			developmentRegion = en;
			hasScannedForEncodings = 0;
			knownRegions = (
				en,
				Base,
			);
			mainGroup = 115CD88B2A2984F500362081;
			productRefGroup = 115CD8952A2984F500362081 /* Products */;
			projectDirPath = "";
			projectRoot = "";
			targets = (
				115CD8932A2984F500362081 /* Flashcard Place */,
				115CD8A32A2984F700362081 /* Flashcard PlaceTests */,
				115CD8AD2A2984F700362081 /* Flashcard PlaceUITests */,
			);
		};
/* End PBXProject section */

/* Begin PBXResourcesBuildPhase section */
		115CD8922A2984F500362081 /* Resources */ = {
			isa = PBXResourcesBuildPhase;
			buildActionMask = 2147483647;
			files = (
				115CD8C52A29875200362081 /* README.md in Resources */,
				115CD89F2A2984F700362081 /* Preview Assets.xcassets in Resources */,
				115CD89C2A2984F700362081 /* Assets.xcassets in Resources */,
			);
			runOnlyForDeploymentPostprocessing = 0;
		};
		115CD8A22A2984F700362081 /* Resources */ = {
			isa = PBXResourcesBuildPhase;
			buildActionMask = 2147483647;
			files = (
			);
			runOnlyForDeploymentPostprocessing = 0;
		};
		115CD8AC2A2984F700362081 /* Resources */ = {
			isa = PBXResourcesBuildPhase;
			buildActionMask = 2147483647;
			files = (
			);
			runOnlyForDeploymentPostprocessing = 0;
		};
/* End PBXResourcesBuildPhase section */

/* Begin PBXSourcesBuildPhase section */
		115CD8902A2984F500362081 /* Sources */ = {
			isa = PBXSourcesBuildPhase;
			buildActionMask = 2147483647;
			files = (
				115CD8C92A29888F00362081 /* BottomAppBar.swift in Sources */,
				115CD8D12A298A9300362081 /* FlashCardListView.swift in Sources */,
				115CD8CB2A2989A000362081 /* Flashcard.swift in Sources */,
				115CD8CF2A298A4D00362081 /* FlashcardCreation.swift in Sources */,
				115CD89A2A2984F500362081 /* ContentView.swift in Sources */,
				115CD8C72A29886A00362081 /* ViewModel.swift in Sources */,
				115CD8CD2A2989DD00362081 /* FlashcardManager.swift in Sources */,
				115CD8982A2984F500362081 /* Flashcard_PlaceApp.swift in Sources */,
			);
			runOnlyForDeploymentPostprocessing = 0;
		};
		115CD8A02A2984F700362081 /* Sources */ = {
			isa = PBXSourcesBuildPhase;
			buildActionMask = 2147483647;
			files = (
				115CD8A92A2984F700362081 /* Flashcard_PlaceTests.swift in Sources */,
			);
			runOnlyForDeploymentPostprocessing = 0;
		};
		115CD8AA2A2984F700362081 /* Sources */ = {
			isa = PBXSourcesBuildPhase;
			buildActionMask = 2147483647;
			files = (
				115CD8B32A2984F700362081 /* Flashcard_PlaceUITests.swift in Sources */,
				115CD8B52A2984F700362081 /* Flashcard_PlaceUITestsLaunchTests.swift in Sources */,
			);
			runOnlyForDeploymentPostprocessing = 0;
		};
/* End PBXSourcesBuildPhase section */

/* Begin PBXTargetDependency section */
		115CD8A62A2984F700362081 /* PBXTargetDependency */ = {
			isa = PBXTargetDependency;
			target = 115CD8932A2984F500362081 /* Flashcard Place */;
			targetProxy = 115CD8A52A2984F700362081 /* PBXContainerItemProxy */;
		};
		115CD8B02A2984F700362081 /* PBXTargetDependency */ = {
			isa = PBXTargetDependency;
			target = 115CD8932A2984F500362081 /* Flashcard Place */;
			targetProxy = 115CD8AF2A2984F700362081 /* PBXContainerItemProxy */;
		};
/* End PBXTargetDependency section */

/* Begin XCBuildConfiguration section */
		115CD8B62A2984F700362081 /* Debug */ = {
			isa = XCBuildConfiguration;
			buildSettings = {
				ALWAYS_SEARCH_USER_PATHS = NO;
				CLANG_ANALYZER_NONNULL = YES;
				CLANG_ANALYZER_NUMBER_OBJECT_CONVERSION = YES_AGGRESSIVE;
				CLANG_CXX_LANGUAGE_STANDARD = "gnu++20";
				CLANG_ENABLE_MODULES = YES;
				CLANG_ENABLE_OBJC_ARC = YES;
				CLANG_ENABLE_OBJC_WEAK = YES;
				CLANG_WARN_BLOCK_CAPTURE_AUTORELEASING = YES;
				CLANG_WARN_BOOL_CONVERSION = YES;
				CLANG_WARN_COMMA = YES;
				CLANG_WARN_CONSTANT_CONVERSION = YES;
				CLANG_WARN_DEPRECATED_OBJC_IMPLEMENTATIONS = YES;
				CLANG_WARN_DIRECT_OBJC_ISA_USAGE = YES_ERROR;
				CLANG_WARN_DOCUMENTATION_COMMENTS = YES;
				CLANG_WARN_EMPTY_BODY = YES;
				CLANG_WARN_ENUM_CONVERSION = YES;
				CLANG_WARN_INFINITE_RECURSION = YES;
				CLANG_WARN_INT_CONVERSION = YES;
				CLANG_WARN_NON_LITERAL_NULL_CONVERSION = YES;
				CLANG_WARN_OBJC_IMPLICIT_RETAIN_SELF = YES;
				CLANG_WARN_OBJC_LITERAL_CONVERSION = YES;
				CLANG_WARN_OBJC_ROOT_CLASS = YES_ERROR;
				CLANG_WARN_QUOTED_INCLUDE_IN_FRAMEWORK_HEADER = YES;
				CLANG_WARN_RANGE_LOOP_ANALYSIS = YES;
				CLANG_WARN_STRICT_PROTOTYPES = YES;
				CLANG_WARN_SUSPICIOUS_MOVE = YES;
				CLANG_WARN_UNGUARDED_AVAILABILITY = YES_AGGRESSIVE;
				CLANG_WARN_UNREACHABLE_CODE = YES;
				CLANG_WARN__DUPLICATE_METHOD_MATCH = YES;
				COPY_PHASE_STRIP = NO;
				DEBUG_INFORMATION_FORMAT = dwarf;
				ENABLE_STRICT_OBJC_MSGSEND = YES;
				ENABLE_TESTABILITY = YES;
				GCC_C_LANGUAGE_STANDARD = gnu11;
				GCC_DYNAMIC_NO_PIC = NO;
				GCC_NO_COMMON_BLOCKS = YES;
				GCC_OPTIMIZATION_LEVEL = 0;
				GCC_PREPROCESSOR_DEFINITIONS = (
					"DEBUG=1",
					"$(inherited)",
				);
				GCC_WARN_64_TO_32_BIT_CONVERSION = YES;
				GCC_WARN_ABOUT_RETURN_TYPE = YES_ERROR;
				GCC_WARN_UNDECLARED_SELECTOR = YES;
				GCC_WARN_UNINITIALIZED_AUTOS = YES_AGGRESSIVE;
				GCC_WARN_UNUSED_FUNCTION = YES;
				GCC_WARN_UNUSED_VARIABLE = YES;
				IPHONEOS_DEPLOYMENT_TARGET = 16.4;
				MTL_ENABLE_DEBUG_INFO = INCLUDE_SOURCE;
				MTL_FAST_MATH = YES;
				ONLY_ACTIVE_ARCH = YES;
				SDKROOT = iphoneos;
				SWIFT_ACTIVE_COMPILATION_CONDITIONS = DEBUG;
				SWIFT_OPTIMIZATION_LEVEL = "-Onone";
			};
			name = Debug;
		};
		115CD8B72A2984F700362081 /* Release */ = {
			isa = XCBuildConfiguration;
			buildSettings = {
				ALWAYS_SEARCH_USER_PATHS = NO;
				CLANG_ANALYZER_NONNULL = YES;
				CLANG_ANALYZER_NUMBER_OBJECT_CONVERSION = YES_AGGRESSIVE;
				CLANG_CXX_LANGUAGE_STANDARD = "gnu++20";
				CLANG_ENABLE_MODULES = YES;
				CLANG_ENABLE_OBJC_ARC = YES;
				CLANG_ENABLE_OBJC_WEAK = YES;
				CLANG_WARN_BLOCK_CAPTURE_AUTORELEASING = YES;
				CLANG_WARN_BOOL_CONVERSION = YES;
				CLANG_WARN_COMMA = YES;
				CLANG_WARN_CONSTANT_CONVERSION = YES;
				CLANG_WARN_DEPRECATED_OBJC_IMPLEMENTATIONS = YES;
				CLANG_WARN_DIRECT_OBJC_ISA_USAGE = YES_ERROR;
				CLANG_WARN_DOCUMENTATION_COMMENTS = YES;
				CLANG_WARN_EMPTY_BODY = YES;
				CLANG_WARN_ENUM_CONVERSION = YES;
				CLANG_WARN_INFINITE_RECURSION = YES;
				CLANG_WARN_INT_CONVERSION = YES;
				CLANG_WARN_NON_LITERAL_NULL_CONVERSION = YES;
				CLANG_WARN_OBJC_IMPLICIT_RETAIN_SELF = YES;
				CLANG_WARN_OBJC_LITERAL_CONVERSION = YES;
				CLANG_WARN_OBJC_ROOT_CLASS = YES_ERROR;
				CLANG_WARN_QUOTED_INCLUDE_IN_FRAMEWORK_HEADER = YES;
				CLANG_WARN_RANGE_LOOP_ANALYSIS = YES;
				CLANG_WARN_STRICT_PROTOTYPES = YES;
				CLANG_WARN_SUSPICIOUS_MOVE = YES;
				CLANG_WARN_UNGUARDED_AVAILABILITY = YES_AGGRESSIVE;
				CLANG_WARN_UNREACHABLE_CODE = YES;
				CLANG_WARN__DUPLICATE_METHOD_MATCH = YES;
				COPY_PHASE_STRIP = NO;
				DEBUG_INFORMATION_FORMAT = "dwarf-with-dsym";
				ENABLE_NS_ASSERTIONS = NO;
				ENABLE_STRICT_OBJC_MSGSEND = YES;
				GCC_C_LANGUAGE_STANDARD = gnu11;
				GCC_NO_COMMON_BLOCKS = YES;
				GCC_WARN_64_TO_32_BIT_CONVERSION = YES;
				GCC_WARN_ABOUT_RETURN_TYPE = YES_ERROR;
				GCC_WARN_UNDECLARED_SELECTOR = YES;
				GCC_WARN_UNINITIALIZED_AUTOS = YES_AGGRESSIVE;
				GCC_WARN_UNUSED_FUNCTION = YES;
				GCC_WARN_UNUSED_VARIABLE = YES;
				IPHONEOS_DEPLOYMENT_TARGET = 16.4;
				MTL_ENABLE_DEBUG_INFO = NO;
				MTL_FAST_MATH = YES;
				SDKROOT = iphoneos;
				SWIFT_COMPILATION_MODE = wholemodule;
				SWIFT_OPTIMIZATION_LEVEL = "-O";
				VALIDATE_PRODUCT = YES;
			};
			name = Release;
		};
		115CD8B92A2984F700362081 /* Debug */ = {
			isa = XCBuildConfiguration;
			buildSettings = {
				ASSETCATALOG_COMPILER_APPICON_NAME = AppIcon;
				ASSETCATALOG_COMPILER_GLOBAL_ACCENT_COLOR_NAME = AccentColor;
				CODE_SIGN_STYLE = Automatic;
				CURRENT_PROJECT_VERSION = 1;
				DEVELOPMENT_ASSET_PATHS = "\"Flashcard Place/Preview Content\"";
				DEVELOPMENT_TEAM = KN479YZ6NH;
				ENABLE_PREVIEWS = YES;
				GENERATE_INFOPLIST_FILE = YES;
				INFOPLIST_KEY_UIApplicationSceneManifest_Generation = YES;
				INFOPLIST_KEY_UIApplicationSupportsIndirectInputEvents = YES;
				INFOPLIST_KEY_UILaunchScreen_Generation = YES;
				INFOPLIST_KEY_UISupportedInterfaceOrientations_iPad = "UIInterfaceOrientationPortrait UIInterfaceOrientationPortraitUpsideDown UIInterfaceOrientationLandscapeLeft UIInterfaceOrientationLandscapeRight";
				INFOPLIST_KEY_UISupportedInterfaceOrientations_iPhone = "UIInterfaceOrientationPortrait UIInterfaceOrientationLandscapeLeft UIInterfaceOrientationLandscapeRight";
				LD_RUNPATH_SEARCH_PATHS = (
					"$(inherited)",
					"@executable_path/Frameworks",
				);
				MARKETING_VERSION = 1.0;
				PRODUCT_BUNDLE_IDENTIFIER = "com.example.Flashcard-Place";
				PRODUCT_NAME = "$(TARGET_NAME)";
				SWIFT_EMIT_LOC_STRINGS = YES;
				SWIFT_VERSION = 5.0;
				TARGETED_DEVICE_FAMILY = "1,2";
			};
			name = Debug;
		};
		115CD8BA2A2984F700362081 /* Release */ = {
			isa = XCBuildConfiguration;
			buildSettings = {
				ASSETCATALOG_COMPILER_APPICON_NAME = AppIcon;
				ASSETCATALOG_COMPILER_GLOBAL_ACCENT_COLOR_NAME = AccentColor;
				CODE_SIGN_STYLE = Automatic;
				CURRENT_PROJECT_VERSION = 1;
				DEVELOPMENT_ASSET_PATHS = "\"Flashcard Place/Preview Content\"";
				DEVELOPMENT_TEAM = KN479YZ6NH;
				ENABLE_PREVIEWS = YES;
				GENERATE_INFOPLIST_FILE = YES;
				INFOPLIST_KEY_UIApplicationSceneManifest_Generation = YES;
				INFOPLIST_KEY_UIApplicationSupportsIndirectInputEvents = YES;
				INFOPLIST_KEY_UILaunchScreen_Generation = YES;
				INFOPLIST_KEY_UISupportedInterfaceOrientations_iPad = "UIInterfaceOrientationPortrait UIInterfaceOrientationPortraitUpsideDown UIInterfaceOrientationLandscapeLeft UIInterfaceOrientationLandscapeRight";
				INFOPLIST_KEY_UISupportedInterfaceOrientations_iPhone = "UIInterfaceOrientationPortrait UIInterfaceOrientationLandscapeLeft UIInterfaceOrientationLandscapeRight";
				LD_RUNPATH_SEARCH_PATHS = (
					"$(inherited)",
					"@executable_path/Frameworks",
				);
				MARKETING_VERSION = 1.0;
				PRODUCT_BUNDLE_IDENTIFIER = "com.example.Flashcard-Place";
				PRODUCT_NAME = "$(TARGET_NAME)";
				SWIFT_EMIT_LOC_STRINGS = YES;
				SWIFT_VERSION = 5.0;
				TARGETED_DEVICE_FAMILY = "1,2";
			};
			name = Release;
		};
		115CD8BC2A2984F700362081 /* Debug */ = {
			isa = XCBuildConfiguration;
			buildSettings = {
				ALWAYS_EMBED_SWIFT_STANDARD_LIBRARIES = YES;
				BUNDLE_LOADER = "$(TEST_HOST)";
				CODE_SIGN_STYLE = Automatic;
				CURRENT_PROJECT_VERSION = 1;
				DEVELOPMENT_TEAM = KN479YZ6NH;
				GENERATE_INFOPLIST_FILE = YES;
				IPHONEOS_DEPLOYMENT_TARGET = 16.4;
				MARKETING_VERSION = 1.0;
				PRODUCT_BUNDLE_IDENTIFIER = "com.example.Flashcard-PlaceTests";
				PRODUCT_NAME = "$(TARGET_NAME)";
				SWIFT_EMIT_LOC_STRINGS = NO;
				SWIFT_VERSION = 5.0;
				TARGETED_DEVICE_FAMILY = "1,2";
				TEST_HOST = "$(BUILT_PRODUCTS_DIR)/Flashcard Place.app/$(BUNDLE_EXECUTABLE_FOLDER_PATH)/Flashcard Place";
			};
			name = Debug;
		};
		115CD8BD2A2984F700362081 /* Release */ = {
			isa = XCBuildConfiguration;
			buildSettings = {
				ALWAYS_EMBED_SWIFT_STANDARD_LIBRARIES = YES;
				BUNDLE_LOADER = "$(TEST_HOST)";
				CODE_SIGN_STYLE = Automatic;
				CURRENT_PROJECT_VERSION = 1;
				DEVELOPMENT_TEAM = KN479YZ6NH;
				GENERATE_INFOPLIST_FILE = YES;
				IPHONEOS_DEPLOYMENT_TARGET = 16.4;
				MARKETING_VERSION = 1.0;
				PRODUCT_BUNDLE_IDENTIFIER = "com.example.Flashcard-PlaceTests";
				PRODUCT_NAME = "$(TARGET_NAME)";
				SWIFT_EMIT_LOC_STRINGS = NO;
				SWIFT_VERSION = 5.0;
				TARGETED_DEVICE_FAMILY = "1,2";
				TEST_HOST = "$(BUILT_PRODUCTS_DIR)/Flashcard Place.app/$(BUNDLE_EXECUTABLE_FOLDER_PATH)/Flashcard Place";
			};
			name = Release;
		};
		115CD8BF2A2984F700362081 /* Debug */ = {
			isa = XCBuildConfiguration;
			buildSettings = {
				ALWAYS_EMBED_SWIFT_STANDARD_LIBRARIES = YES;
				CODE_SIGN_STYLE = Automatic;
				CURRENT_PROJECT_VERSION = 1;
				DEVELOPMENT_TEAM = KN479YZ6NH;
				GENERATE_INFOPLIST_FILE = YES;
				MARKETING_VERSION = 1.0;
				PRODUCT_BUNDLE_IDENTIFIER = "com.example.Flashcard-PlaceUITests";
				PRODUCT_NAME = "$(TARGET_NAME)";
				SWIFT_EMIT_LOC_STRINGS = NO;
				SWIFT_VERSION = 5.0;
				TARGETED_DEVICE_FAMILY = "1,2";
				TEST_TARGET_NAME = "Flashcard Place";
			};
			name = Debug;
		};
		115CD8C02A2984F700362081 /* Release */ = {
			isa = XCBuildConfiguration;
			buildSettings = {
				ALWAYS_EMBED_SWIFT_STANDARD_LIBRARIES = YES;
				CODE_SIGN_STYLE = Automatic;
				CURRENT_PROJECT_VERSION = 1;
				DEVELOPMENT_TEAM = KN479YZ6NH;
				GENERATE_INFOPLIST_FILE = YES;
				MARKETING_VERSION = 1.0;
				PRODUCT_BUNDLE_IDENTIFIER = "com.example.Flashcard-PlaceUITests";
				PRODUCT_NAME = "$(TARGET_NAME)";
				SWIFT_EMIT_LOC_STRINGS = NO;
				SWIFT_VERSION = 5.0;
				TARGETED_DEVICE_FAMILY = "1,2";
				TEST_TARGET_NAME = "Flashcard Place";
			};
			name = Release;
		};
/* End XCBuildConfiguration section */

/* Begin XCConfigurationList section */
		115CD88F2A2984F500362081 /* Build configuration list for PBXProject "Flashcard Place" */ = {
			isa = XCConfigurationList;
			buildConfigurations = (
				115CD8B62A2984F700362081 /* Debug */,
				115CD8B72A2984F700362081 /* Release */,
			);
			defaultConfigurationIsVisible = 0;
			defaultConfigurationName = Release;
		};
		115CD8B82A2984F700362081 /* Build configuration list for PBXNativeTarget "Flashcard Place" */ = {
			isa = XCConfigurationList;
			buildConfigurations = (
				115CD8B92A2984F700362081 /* Debug */,
				115CD8BA2A2984F700362081 /* Release */,
			);
			defaultConfigurationIsVisible = 0;
			defaultConfigurationName = Release;
		};
		115CD8BB2A2984F700362081 /* Build configuration list for PBXNativeTarget "Flashcard PlaceTests" */ = {
			isa = XCConfigurationList;
			buildConfigurations = (
				115CD8BC2A2984F700362081 /* Debug */,
				115CD8BD2A2984F700362081 /* Release */,
			);
			defaultConfigurationIsVisible = 0;
			defaultConfigurationName = Release;
		};
		115CD8BE2A2984F700362081 /* Build configuration list for PBXNativeTarget "Flashcard PlaceUITests" */ = {
			isa = XCConfigurationList;
			buildConfigurations = (
				115CD8BF2A2984F700362081 /* Debug */,
				115CD8C02A2984F700362081 /* Release */,
			);
			defaultConfigurationIsVisible = 0;
			defaultConfigurationName = Release;
		};
/* End XCConfigurationList section */
	};
	rootObject = 115CD88C2A2984F500362081 /* Project object */;
}
